
Microsoft Visual Studio Solution File, Format Version 11.00
# Visual Studio 2010
Project("{FAE04EC0-301F-11D3-BF4B-00C04F79EFBC}") = "Window", "Window\Window.csproj", "{010E4385-43BA-4A9C-8ACD-C676E382C167}"
EndProject
Project("{8BC9CEB8-8B4A-11D0-8D11-00A0C91BC942}") = "Backstage", "Backstage\Backstage.vcxproj", "{5A91B990-9D36-41C7-AC82-9626BAF35BBA}"
EndProject
Global
	GlobalSection(SolutionConfigurationPlatforms) = preSolution
		Debug|Mixed Platforms = Debug|Mixed Platforms
		Debug|Win32 = Debug|Win32
		Debug|x86 = Debug|x86
		Release|Mixed Platforms = Release|Mixed Platforms
		Release|Win32 = Release|Win32
		Release|x86 = Release|x86
	EndGlobalSection
	GlobalSection(ProjectConfigurationPlatforms) = postSolution
		{010E4385-43BA-4A9C-8ACD-C676E382C167}.Debug|Mixed Platforms.ActiveCfg = Debug|x86
		{010E4385-43BA-4A9C-8ACD-C676E382C167}.Debug|Mixed Platforms.Build.0 = Debug|x86
		{010E4385-43BA-4A9C-8ACD-C676E382C167}.Debug|Win32.ActiveCfg = Debug|x86
		{010E4385-43BA-4A9C-8ACD-C676E382C167}.Debug|x86.ActiveCfg = Debug|x86
		{010E4385-43BA-4A9C-8ACD-C676E382C167}.Debug|x86.Build.0 = Debug|x86
		{010E4385-43BA-4A9C-8ACD-C676E382C167}.Release|Mixed Platforms.ActiveCfg = Release|x86
		{010E4385-43BA-4A9C-8ACD-C676E382C167}.Release|Mixed Platforms.Build.0 = Release|x86
		{010E4385-43BA-4A9C-8ACD-C676E382C167}.Release|Win32.ActiveCfg = Release|x86
		{010E4385-43BA-4A9C-8ACD-C676E382C167}.Release|x86.ActiveCfg = Release|x86
		{010E4385-43BA-4A9C-8ACD-C676E382C167}.Release|x86.Build.0 = Release|x86
		{5A91B990-9D36-41C7-AC82-9626BAF35BBA}.Debug|Mixed Platforms.ActiveCfg = Debug|Win32
		{5A91B990-9D36-41C7-AC82-9626BAF35BBA}.Debug|Mixed Platforms.Build.0 = Debug|Win32
		{5A91B990-9D36-41C7-AC82-9626BAF35BBA}.Debug|Win32.ActiveCfg = Debug|Win32
		{5A91B990-9D36-41C7-AC82-9626BAF35BBA}.Debug|Win32.Build.0 = Debug|Win32
		{5A91B990-9D36-41C7-AC82-9626BAF35BBA}.Debug|x86.ActiveCfg = Debug|Win32
		{5A91B990-9D36-41C7-AC82-9626BAF35BBA}.Release|Mixed Platforms.ActiveCfg = Release|Win32
		{5A91B990-9D36-41C7-AC82-9626BAF35BBA}.Release|Mixed Platforms.Build.0 = Release|Win32
		{5A91B990-9D36-41C7-AC82-9626BAF35BBA}.Release|Win32.ActiveCfg = Release|Win32
		{5A91B990-9D36-41C7-AC82-9626BAF35BBA}.Release|Win32.Build.0 = Release|Win32
		{5A91B990-9D36-41C7-AC82-9626BAF35BBA}.Release|x86.ActiveCfg = Release|Win32
	EndGlobalSection
	GlobalSection(SolutionProperties) = preSolution
		HideSolutionNode = FALSE
	EndGlobalSection
EndGlobal
